{
  "name": "LS-LandingPages",
  "version": "1.0.0",
  "lockfileVersion": 1,
  "requires": true,
  "dependencies": {
    "gitsnap": {
      "version": "1.0.2",
      "resolved": "https://registry.npmjs.org/gitsnap/-/gitsnap-1.0.2.tgz",
      "integrity": "sha512-IyqULwnhV9OYRCG1zAptf6h6kei15YFhDvfGiLEWPLgqYveXIhy/SwUk1lTFx/n9ny6vcTvb2yb2FS6co9s1oQ==",
      "dev": true
    }
  }
}
